// !$*UTF8*$!
{
	archiveVersion = 1;
	classes = {
	};
	objectVersion = 51;
	objects = {

/* Begin PBXBuildFile section */
		030A77FC23FBD71300EFFB29 /* TwoViewController.m in Sources */ = {isa = PBXBuildFile; fileRef = 030A77FB23FBD71300EFFB29 /* TwoViewController.m */; };
		030A780223FE6E9A00EFFB29 /* RegisterViewController.m in Sources */ = {isa = PBXBuildFile; fileRef = 030A780123FE6E9A00EFFB29 /* RegisterViewController.m */; };
		030A780523FE6EB100EFFB29 /* LoginViewController.m in Sources */ = {isa = PBXBuildFile; fileRef = 030A780423FE6EB100EFFB29 /* LoginViewController.m */; };
		033C960424079C94009243B4 /* UserModel.m in Sources */ = {isa = PBXBuildFile; fileRef = 033C960324079C94009243B4 /* UserModel.m */; };
		033C960E2407A807009243B4 /* UIView+GJAddition.m in Sources */ = {isa = PBXBuildFile; fileRef = 033C96072407A806009243B4 /* UIView+GJAddition.m */; };
		033C960F2407A807009243B4 /* NSObject+Addition.m in Sources */ = {isa = PBXBuildFile; fileRef = 033C960A2407A807009243B4 /* NSObject+Addition.m */; };
		033C96102407A807009243B4 /* NSArray+Safe.m in Sources */ = {isa = PBXBuildFile; fileRef = 033C960B2407A807009243B4 /* NSArray+Safe.m */; };
		033C96112407A807009243B4 /* CALayer+GJAddition.m in Sources */ = {isa = PBXBuildFile; fileRef = 033C960C2407A807009243B4 /* CALayer+GJAddition.m */; };
		033C96182408EE3E009243B4 /* UIImage+Addition.m in Sources */ = {isa = PBXBuildFile; fileRef = 033C96162408EE3E009243B4 /* UIImage+Addition.m */; };
		033C961B2408F10D009243B4 /* UIColor+SSJAddition.m in Sources */ = {isa = PBXBuildFile; fileRef = 033C961A2408F10D009243B4 /* UIColor+SSJAddition.m */; };
		033C961E2408F708009243B4 /* RegisterAndLoginViewModel.m in Sources */ = {isa = PBXBuildFile; fileRef = 033C961D2408F708009243B4 /* RegisterAndLoginViewModel.m */; };
		033C9621240913FB009243B4 /* ResultViewController.m in Sources */ = {isa = PBXBuildFile; fileRef = 033C9620240913FB009243B4 /* ResultViewController.m */; };
		033C9625240CE5A1009243B4 /* NetworkService.m in Sources */ = {isa = PBXBuildFile; fileRef = 033C9624240CE5A1009243B4 /* NetworkService.m */; };
		035E249023F2818B00BAD899 /* AppDelegate.m in Sources */ = {isa = PBXBuildFile; fileRef = 035E248F23F2818B00BAD899 /* AppDelegate.m */; };
		035E249323F2818B00BAD899 /* ViewController.m in Sources */ = {isa = PBXBuildFile; fileRef = 035E249223F2818B00BAD899 /* ViewController.m */; };
		035E249823F2818C00BAD899 /* Assets.xcassets in Resources */ = {isa = PBXBuildFile; fileRef = 035E249723F2818C00BAD899 /* Assets.xcassets */; };
		035E249B23F2818C00BAD899 /* LaunchScreen.storyboard in Resources */ = {isa = PBXBuildFile; fileRef = 035E249923F2818C00BAD899 /* LaunchScreen.storyboard */; };
		035E249E23F2818C00BAD899 /* main.m in Sources */ = {isa = PBXBuildFile; fileRef = 035E249D23F2818C00BAD899 /* main.m */; };
		035E24A823F2818C00BAD899 /* RACTestTests.m in Sources */ = {isa = PBXBuildFile; fileRef = 035E24A723F2818C00BAD899 /* RACTestTests.m */; };
		035E24B323F2818C00BAD899 /* RACTestUITests.m in Sources */ = {isa = PBXBuildFile; fileRef = 035E24B223F2818C00BAD899 /* RACTestUITests.m */; };
		035E24CC23F4F35300BAD899 /* TestViewController.m in Sources */ = {isa = PBXBuildFile; fileRef = 035E24CB23F4F35300BAD899 /* TestViewController.m */; };
		035E24D123F4F3D200BAD899 /* TestDelegateView.m in Sources */ = {isa = PBXBuildFile; fileRef = 035E24D023F4F3D200BAD899 /* TestDelegateView.m */; };
		035E24D423F4FE7F00BAD899 /* BaseTableViewCell.m in Sources */ = {isa = PBXBuildFile; fileRef = 035E24D323F4FE7F00BAD899 /* BaseTableViewCell.m */; };
		035E24D723F5341400BAD899 /* RACCommandViewController.m in Sources */ = {isa = PBXBuildFile; fileRef = 035E24D623F5341400BAD899 /* RACCommandViewController.m */; };
		035E24DA23F5386A00BAD899 /* BaseViewController.m in Sources */ = {isa = PBXBuildFile; fileRef = 035E24D923F5386A00BAD899 /* BaseViewController.m */; };
		59437069833222BE5F95C7EC /* Pods_RACTest.framework in Frameworks */ = {isa = PBXBuildFile; fileRef = 6133134B47D2692498B7A87D /* Pods_RACTest.framework */; };
/* End PBXBuildFile section */

/* Begin PBXContainerItemProxy section */
		035E24A423F2818C00BAD899 /* PBXContainerItemProxy */ = {
			isa = PBXContainerItemProxy;
			containerPortal = 035E248323F2818B00BAD899 /* Project object */;
			proxyType = 1;
			remoteGlobalIDString = 035E248A23F2818B00BAD899;
			remoteInfo = RACTest;
		};
		035E24AF23F2818C00BAD899 /* PBXContainerItemProxy */ = {
			isa = PBXContainerItemProxy;
			containerPortal = 035E248323F2818B00BAD899 /* Project object */;
			proxyType = 1;
			remoteGlobalIDString = 035E248A23F2818B00BAD899;
			remoteInfo = RACTest;
		};
/* End PBXContainerItemProxy section */

/* Begin PBXFileReference section */
		030A77FA23FBD71300EFFB29 /* TwoViewController.h */ = {isa = PBXFileReference; lastKnownFileType = sourcecode.c.h; path = TwoViewController.h; sourceTree = "<group>"; };
		030A77FB23FBD71300EFFB29 /* TwoViewController.m */ = {isa = PBXFileReference; lastKnownFileType = sourcecode.c.objc; path = TwoViewController.m; sourceTree = "<group>"; };
		030A780023FE6E9A00EFFB29 /* RegisterViewController.h */ = {isa = PBXFileReference; lastKnownFileType = sourcecode.c.h; path = RegisterViewController.h; sourceTree = "<group>"; };
		030A780123FE6E9A00EFFB29 /* RegisterViewController.m */ = {isa = PBXFileReference; lastKnownFileType = sourcecode.c.objc; path = RegisterViewController.m; sourceTree = "<group>"; };
		030A780323FE6EB100EFFB29 /* LoginViewController.h */ = {isa = PBXFileReference; lastKnownFileType = sourcecode.c.h; path = LoginViewController.h; sourceTree = "<group>"; };
		030A780423FE6EB100EFFB29 /* LoginViewController.m */ = {isa = PBXFileReference; lastKnownFileType = sourcecode.c.objc; path = LoginViewController.m; sourceTree = "<group>"; };
		033C960224079C94009243B4 /* UserModel.h */ = {isa = PBXFileReference; lastKnownFileType = sourcecode.c.h; path = UserModel.h; sourceTree = "<group>"; };
		033C960324079C94009243B4 /* UserModel.m */ = {isa = PBXFileReference; lastKnownFileType = sourcecode.c.objc; path = UserModel.m; sourceTree = "<group>"; };
		033C96062407A806009243B4 /* NSArray+Safe.h */ = {isa = PBXFileReference; fileEncoding = 4; lastKnownFileType = sourcecode.c.h; path = "NSArray+Safe.h"; sourceTree = "<group>"; };
		033C96072407A806009243B4 /* UIView+GJAddition.m */ = {isa = PBXFileReference; fileEncoding = 4; lastKnownFileType = sourcecode.c.objc; path = "UIView+GJAddition.m"; sourceTree = "<group>"; };
		033C96082407A806009243B4 /* CALayer+GJAddition.h */ = {isa = PBXFileReference; fileEncoding = 4; lastKnownFileType = sourcecode.c.h; path = "CALayer+GJAddition.h"; sourceTree = "<group>"; };
		033C96092407A807009243B4 /* NSObject+Addition.h */ = {isa = PBXFileReference; fileEncoding = 4; lastKnownFileType = sourcecode.c.h; path = "NSObject+Addition.h"; sourceTree = "<group>"; };
		033C960A2407A807009243B4 /* NSObject+Addition.m */ = {isa = PBXFileReference; fileEncoding = 4; lastKnownFileType = sourcecode.c.objc; path = "NSObject+Addition.m"; sourceTree = "<group>"; };
		033C960B2407A807009243B4 /* NSArray+Safe.m */ = {isa = PBXFileReference; fileEncoding = 4; lastKnownFileType = sourcecode.c.objc; path = "NSArray+Safe.m"; sourceTree = "<group>"; };
		033C960C2407A807009243B4 /* CALayer+GJAddition.m */ = {isa = PBXFileReference; fileEncoding = 4; lastKnownFileType = sourcecode.c.objc; path = "CALayer+GJAddition.m"; sourceTree = "<group>"; };
		033C960D2407A807009243B4 /* UIView+GJAddition.h */ = {isa = PBXFileReference; fileEncoding = 4; lastKnownFileType = sourcecode.c.h; path = "UIView+GJAddition.h"; sourceTree = "<group>"; };
		033C96152407C82B009243B4 /* Header.h */ = {isa = PBXFileReference; lastKnownFileType = sourcecode.c.h; path = Header.h; sourceTree = "<group>"; };
		033C96162408EE3E009243B4 /* UIImage+Addition.m */ = {isa = PBXFileReference; fileEncoding = 4; lastKnownFileType = sourcecode.c.objc; path = "UIImage+Addition.m"; sourceTree = "<group>"; };
		033C96172408EE3E009243B4 /* UIImage+Addition.h */ = {isa = PBXFileReference; fileEncoding = 4; lastKnownFileType = sourcecode.c.h; path = "UIImage+Addition.h"; sourceTree = "<group>"; };
		033C96192408F10D009243B4 /* UIColor+SSJAddition.h */ = {isa = PBXFileReference; fileEncoding = 4; lastKnownFileType = sourcecode.c.h; path = "UIColor+SSJAddition.h"; sourceTree = "<group>"; };
		033C961A2408F10D009243B4 /* UIColor+SSJAddition.m */ = {isa = PBXFileReference; fileEncoding = 4; lastKnownFileType = sourcecode.c.objc; path = "UIColor+SSJAddition.m"; sourceTree = "<group>"; };
		033C961C2408F708009243B4 /* RegisterAndLoginViewModel.h */ = {isa = PBXFileReference; lastKnownFileType = sourcecode.c.h; path = RegisterAndLoginViewModel.h; sourceTree = "<group>"; };
		033C961D2408F708009243B4 /* RegisterAndLoginViewModel.m */ = {isa = PBXFileReference; lastKnownFileType = sourcecode.c.objc; path = RegisterAndLoginViewModel.m; sourceTree = "<group>"; };
		033C961F240913FB009243B4 /* ResultViewController.h */ = {isa = PBXFileReference; lastKnownFileType = sourcecode.c.h; path = ResultViewController.h; sourceTree = "<group>"; };
		033C9620240913FB009243B4 /* ResultViewController.m */ = {isa = PBXFileReference; lastKnownFileType = sourcecode.c.objc; path = ResultViewController.m; sourceTree = "<group>"; };
		033C9623240CE5A1009243B4 /* NetworkService.h */ = {isa = PBXFileReference; lastKnownFileType = sourcecode.c.h; path = NetworkService.h; sourceTree = "<group>"; };
		033C9624240CE5A1009243B4 /* NetworkService.m */ = {isa = PBXFileReference; lastKnownFileType = sourcecode.c.objc; path = NetworkService.m; sourceTree = "<group>"; };
		035E248B23F2818B00BAD899 /* RACTest.app */ = {isa = PBXFileReference; explicitFileType = wrapper.application; includeInIndex = 0; path = RACTest.app; sourceTree = BUILT_PRODUCTS_DIR; };
		035E248E23F2818B00BAD899 /* AppDelegate.h */ = {isa = PBXFileReference; lastKnownFileType = sourcecode.c.h; path = AppDelegate.h; sourceTree = "<group>"; };
		035E248F23F2818B00BAD899 /* AppDelegate.m */ = {isa = PBXFileReference; lastKnownFileType = sourcecode.c.objc; path = AppDelegate.m; sourceTree = "<group>"; };
		035E249123F2818B00BAD899 /* ViewController.h */ = {isa = PBXFileReference; lastKnownFileType = sourcecode.c.h; path = ViewController.h; sourceTree = "<group>"; };
		035E249223F2818B00BAD899 /* ViewController.m */ = {isa = PBXFileReference; lastKnownFileType = sourcecode.c.objc; path = ViewController.m; sourceTree = "<group>"; };
		035E249723F2818C00BAD899 /* Assets.xcassets */ = {isa = PBXFileReference; lastKnownFileType = folder.assetcatalog; path = Assets.xcassets; sourceTree = "<group>"; };
		035E249A23F2818C00BAD899 /* Base */ = {isa = PBXFileReference; lastKnownFileType = file.storyboard; name = Base; path = Base.lproj/LaunchScreen.storyboard; sourceTree = "<group>"; };
		035E249C23F2818C00BAD899 /* Info.plist */ = {isa = PBXFileReference; lastKnownFileType = text.plist.xml; path = Info.plist; sourceTree = "<group>"; };
		035E249D23F2818C00BAD899 /* main.m */ = {isa = PBXFileReference; lastKnownFileType = sourcecode.c.objc; path = main.m; sourceTree = "<group>"; };
		035E24A323F2818C00BAD899 /* RACTestTests.xctest */ = {isa = PBXFileReference; explicitFileType = wrapper.cfbundle; includeInIndex = 0; path = RACTestTests.xctest; sourceTree = BUILT_PRODUCTS_DIR; };
		035E24A723F2818C00BAD899 /* RACTestTests.m */ = {isa = PBXFileReference; lastKnownFileType = sourcecode.c.objc; path = RACTestTests.m; sourceTree = "<group>"; };
		035E24A923F2818C00BAD899 /* Info.plist */ = {isa = PBXFileReference; lastKnownFileType = text.plist.xml; path = Info.plist; sourceTree = "<group>"; };
		035E24AE23F2818C00BAD899 /* RACTestUITests.xctest */ = {isa = PBXFileReference; explicitFileType = wrapper.cfbundle; includeInIndex = 0; path = RACTestUITests.xctest; sourceTree = BUILT_PRODUCTS_DIR; };
		035E24B223F2818C00BAD899 /* RACTestUITests.m */ = {isa = PBXFileReference; lastKnownFileType = sourcecode.c.objc; path = RACTestUITests.m; sourceTree = "<group>"; };
		035E24B423F2818C00BAD899 /* Info.plist */ = {isa = PBXFileReference; lastKnownFileType = text.plist.xml; path = Info.plist; sourceTree = "<group>"; };
		035E24CA23F4F35300BAD899 /* TestViewController.h */ = {isa = PBXFileReference; lastKnownFileType = sourcecode.c.h; path = TestViewController.h; sourceTree = "<group>"; };
		035E24CB23F4F35300BAD899 /* TestViewController.m */ = {isa = PBXFileReference; lastKnownFileType = sourcecode.c.objc; path = TestViewController.m; sourceTree = "<group>"; };
		035E24CF23F4F3D200BAD899 /* TestDelegateView.h */ = {isa = PBXFileReference; lastKnownFileType = sourcecode.c.h; path = TestDelegateView.h; sourceTree = "<group>"; };
		035E24D023F4F3D200BAD899 /* TestDelegateView.m */ = {isa = PBXFileReference; lastKnownFileType = sourcecode.c.objc; path = TestDelegateView.m; sourceTree = "<group>"; };
		035E24D223F4FE7F00BAD899 /* BaseTableViewCell.h */ = {isa = PBXFileReference; lastKnownFileType = sourcecode.c.h; path = BaseTableViewCell.h; sourceTree = "<group>"; };
		035E24D323F4FE7F00BAD899 /* BaseTableViewCell.m */ = {isa = PBXFileReference; lastKnownFileType = sourcecode.c.objc; path = BaseTableViewCell.m; sourceTree = "<group>"; };
		035E24D523F5341400BAD899 /* RACCommandViewController.h */ = {isa = PBXFileReference; lastKnownFileType = sourcecode.c.h; path = RACCommandViewController.h; sourceTree = "<group>"; };
		035E24D623F5341400BAD899 /* RACCommandViewController.m */ = {isa = PBXFileReference; lastKnownFileType = sourcecode.c.objc; path = RACCommandViewController.m; sourceTree = "<group>"; };
		035E24D823F5386A00BAD899 /* BaseViewController.h */ = {isa = PBXFileReference; lastKnownFileType = sourcecode.c.h; path = BaseViewController.h; sourceTree = "<group>"; };
		035E24D923F5386A00BAD899 /* BaseViewController.m */ = {isa = PBXFileReference; lastKnownFileType = sourcecode.c.objc; path = BaseViewController.m; sourceTree = "<group>"; };
		504BCFFDDCC8980C49D21B04 /* Pods-RACTest.release.xcconfig */ = {isa = PBXFileReference; includeInIndex = 1; lastKnownFileType = text.xcconfig; name = "Pods-RACTest.release.xcconfig"; path = "Target Support Files/Pods-RACTest/Pods-RACTest.release.xcconfig"; sourceTree = "<group>"; };
		6133134B47D2692498B7A87D /* Pods_RACTest.framework */ = {isa = PBXFileReference; explicitFileType = wrapper.framework; includeInIndex = 0; path = Pods_RACTest.framework; sourceTree = BUILT_PRODUCTS_DIR; };
		EAD8FCF59C18795496091C73 /* Pods-RACTest.debug.xcconfig */ = {isa = PBXFileReference; includeInIndex = 1; lastKnownFileType = text.xcconfig; name = "Pods-RACTest.debug.xcconfig"; path = "Target Support Files/Pods-RACTest/Pods-RACTest.debug.xcconfig"; sourceTree = "<group>"; };
/* End PBXFileReference section */

/* Begin PBXFrameworksBuildPhase section */
		035E248823F2818B00BAD899 /* Frameworks */ = {
			isa = PBXFrameworksBuildPhase;
			buildActionMask = 2147483647;
			files = (
				59437069833222BE5F95C7EC /* Pods_RACTest.framework in Frameworks */,
			);
			runOnlyForDeploymentPostprocessing = 0;
		};
		035E24A023F2818C00BAD899 /* Frameworks */ = {
			isa = PBXFrameworksBuildPhase;
			buildActionMask = 2147483647;
			files = (
			);
			runOnlyForDeploymentPostprocessing = 0;
		};
		035E24AB23F2818C00BAD899 /* Frameworks */ = {
			isa = PBXFrameworksBuildPhase;
			buildActionMask = 2147483647;
			files = (
			);
			runOnlyForDeploymentPostprocessing = 0;
		};
/* End PBXFrameworksBuildPhase section */

/* Begin PBXGroup section */
		030A77FD23FE69A200EFFB29 /* Base */ = {
			isa = PBXGroup;
			children = (
				035E249123F2818B00BAD899 /* ViewController.h */,
				035E249223F2818B00BAD899 /* ViewController.m */,
				035E24D823F5386A00BAD899 /* BaseViewController.h */,
				035E24D923F5386A00BAD899 /* BaseViewController.m */,
				033C96152407C82B009243B4 /* Header.h */,
			);
			path = Base;
			sourceTree = "<group>";
		};
		030A77FE23FE69BB00EFFB29 /* Other */ = {
			isa = PBXGroup;
			children = (
				035E24CA23F4F35300BAD899 /* TestViewController.h */,
				035E24CB23F4F35300BAD899 /* TestViewController.m */,
				035E24D523F5341400BAD899 /* RACCommandViewController.h */,
				035E24D623F5341400BAD899 /* RACCommandViewController.m */,
				030A77FA23FBD71300EFFB29 /* TwoViewController.h */,
				030A77FB23FBD71300EFFB29 /* TwoViewController.m */,
			);
			path = Other;
			sourceTree = "<group>";
		};
		030A77FF23FE69CF00EFFB29 /* RegisterAndLogin */ = {
			isa = PBXGroup;
			children = (
				033C9622240CE582009243B4 /* Service */,
				030A780923FE6F3600EFFB29 /* ViewModel */,
				030A780823FE6EE100EFFB29 /* Model */,
				030A780723FE6ED700EFFB29 /* View */,
				030A780623FE6EBF00EFFB29 /* Controller */,
			);
			path = RegisterAndLogin;
			sourceTree = "<group>";
		};
		030A780623FE6EBF00EFFB29 /* Controller */ = {
			isa = PBXGroup;
			children = (
				030A780023FE6E9A00EFFB29 /* RegisterViewController.h */,
				030A780123FE6E9A00EFFB29 /* RegisterViewController.m */,
				030A780323FE6EB100EFFB29 /* LoginViewController.h */,
				030A780423FE6EB100EFFB29 /* LoginViewController.m */,
				033C961F240913FB009243B4 /* ResultViewController.h */,
				033C9620240913FB009243B4 /* ResultViewController.m */,
			);
			path = Controller;
			sourceTree = "<group>";
		};
		030A780723FE6ED700EFFB29 /* View */ = {
			isa = PBXGroup;
			children = (
			);
			path = View;
			sourceTree = "<group>";
		};
		030A780823FE6EE100EFFB29 /* Model */ = {
			isa = PBXGroup;
			children = (
				033C960224079C94009243B4 /* UserModel.h */,
				033C960324079C94009243B4 /* UserModel.m */,
			);
			path = Model;
			sourceTree = "<group>";
		};
		030A780923FE6F3600EFFB29 /* ViewModel */ = {
			isa = PBXGroup;
			children = (
				033C961C2408F708009243B4 /* RegisterAndLoginViewModel.h */,
				033C961D2408F708009243B4 /* RegisterAndLoginViewModel.m */,
			);
			path = ViewModel;
			sourceTree = "<group>";
		};
		033C96052407A7E0009243B4 /* Addition */ = {
			isa = PBXGroup;
			children = (
				033C96082407A806009243B4 /* CALayer+GJAddition.h */,
				033C960C2407A807009243B4 /* CALayer+GJAddition.m */,
				033C96062407A806009243B4 /* NSArray+Safe.h */,
				033C96092407A807009243B4 /* NSObject+Addition.h */,
				033C960A2407A807009243B4 /* NSObject+Addition.m */,
				033C960D2407A807009243B4 /* UIView+GJAddition.h */,
				033C96072407A806009243B4 /* UIView+GJAddition.m */,
				033C96172408EE3E009243B4 /* UIImage+Addition.h */,
				033C96162408EE3E009243B4 /* UIImage+Addition.m */,
				033C960B2407A807009243B4 /* NSArray+Safe.m */,
				033C96192408F10D009243B4 /* UIColor+SSJAddition.h */,
				033C961A2408F10D009243B4 /* UIColor+SSJAddition.m */,
			);
			path = Addition;
			sourceTree = "<group>";
		};
		033C9622240CE582009243B4 /* Service */ = {
			isa = PBXGroup;
			children = (
				033C9623240CE5A1009243B4 /* NetworkService.h */,
				033C9624240CE5A1009243B4 /* NetworkService.m */,
			);
			path = Service;
			sourceTree = "<group>";
		};
		035E248223F2818B00BAD899 = {
			isa = PBXGroup;
			children = (
				035E248D23F2818B00BAD899 /* RACTest */,
				035E24A623F2818C00BAD899 /* RACTestTests */,
				035E24B123F2818C00BAD899 /* RACTestUITests */,
				035E248C23F2818B00BAD899 /* Products */,
				A59E99B174C4EE316DAB0260 /* Pods */,
				EAEEE2881A03BDCA6A2843A2 /* Frameworks */,
			);
			sourceTree = "<group>";
		};
		035E248C23F2818B00BAD899 /* Products */ = {
			isa = PBXGroup;
			children = (
				035E248B23F2818B00BAD899 /* RACTest.app */,
				035E24A323F2818C00BAD899 /* RACTestTests.xctest */,
				035E24AE23F2818C00BAD899 /* RACTestUITests.xctest */,
			);
			name = Products;
			sourceTree = "<group>";
		};
		035E248D23F2818B00BAD899 /* RACTest */ = {
			isa = PBXGroup;
			children = (
				035E24CE23F4F39500BAD899 /* Controller */,
				035E24CD23F4F38400BAD899 /* View */,
				033C96052407A7E0009243B4 /* Addition */,
				035E248E23F2818B00BAD899 /* AppDelegate.h */,
				035E248F23F2818B00BAD899 /* AppDelegate.m */,
				035E249723F2818C00BAD899 /* Assets.xcassets */,
				035E249923F2818C00BAD899 /* LaunchScreen.storyboard */,
				035E249C23F2818C00BAD899 /* Info.plist */,
				035E249D23F2818C00BAD899 /* main.m */,
			);
			path = RACTest;
			sourceTree = "<group>";
		};
		035E24A623F2818C00BAD899 /* RACTestTests */ = {
			isa = PBXGroup;
			children = (
				035E24A723F2818C00BAD899 /* RACTestTests.m */,
				035E24A923F2818C00BAD899 /* Info.plist */,
			);
			path = RACTestTests;
			sourceTree = "<group>";
		};
		035E24B123F2818C00BAD899 /* RACTestUITests */ = {
			isa = PBXGroup;
			children = (
				035E24B223F2818C00BAD899 /* RACTestUITests.m */,
				035E24B423F2818C00BAD899 /* Info.plist */,
			);
			path = RACTestUITests;
			sourceTree = "<group>";
		};
		035E24CD23F4F38400BAD899 /* View */ = {
			isa = PBXGroup;
			children = (
				035E24CF23F4F3D200BAD899 /* TestDelegateView.h */,
				035E24D023F4F3D200BAD899 /* TestDelegateView.m */,
				035E24D223F4FE7F00BAD899 /* BaseTableViewCell.h */,
				035E24D323F4FE7F00BAD899 /* BaseTableViewCell.m */,
			);
			path = View;
			sourceTree = "<group>";
		};
		035E24CE23F4F39500BAD899 /* Controller */ = {
			isa = PBXGroup;
			children = (
				030A77FF23FE69CF00EFFB29 /* RegisterAndLogin */,
				030A77FE23FE69BB00EFFB29 /* Other */,
				030A77FD23FE69A200EFFB29 /* Base */,
			);
			path = Controller;
			sourceTree = "<group>";
		};
		A59E99B174C4EE316DAB0260 /* Pods */ = {
			isa = PBXGroup;
			children = (
				EAD8FCF59C18795496091C73 /* Pods-RACTest.debug.xcconfig */,
				504BCFFDDCC8980C49D21B04 /* Pods-RACTest.release.xcconfig */,
			);
			path = Pods;
			sourceTree = "<group>";
		};
		EAEEE2881A03BDCA6A2843A2 /* Frameworks */ = {
			isa = PBXGroup;
			children = (
				6133134B47D2692498B7A87D /* Pods_RACTest.framework */,
			);
			name = Frameworks;
			sourceTree = "<group>";
		};
/* End PBXGroup section */

/* Begin PBXNativeTarget section */
		035E248A23F2818B00BAD899 /* RACTest */ = {
			isa = PBXNativeTarget;
			buildConfigurationList = 035E24B723F2818C00BAD899 /* Build configuration list for PBXNativeTarget "RACTest" */;
			buildPhases = (
				9ED2C0362BB23FCB18DF86A5 /* [CP] Check Pods Manifest.lock */,
				035E248723F2818B00BAD899 /* Sources */,
				035E248823F2818B00BAD899 /* Frameworks */,
				035E248923F2818B00BAD899 /* Resources */,
				C2F6BBFDDCED1354BBE47DF9 /* [CP] Embed Pods Frameworks */,
			);
			buildRules = (
			);
			dependencies = (
			);
			name = RACTest;
			productName = RACTest;
			productReference = 035E248B23F2818B00BAD899 /* RACTest.app */;
			productType = "com.apple.product-type.application";
		};
		035E24A223F2818C00BAD899 /* RACTestTests */ = {
			isa = PBXNativeTarget;
			buildConfigurationList = 035E24BA23F2818C00BAD899 /* Build configuration list for PBXNativeTarget "RACTestTests" */;
			buildPhases = (
				035E249F23F2818C00BAD899 /* Sources */,
				035E24A023F2818C00BAD899 /* Frameworks */,
				035E24A123F2818C00BAD899 /* Resources */,
			);
			buildRules = (
			);
			dependencies = (
				035E24A523F2818C00BAD899 /* PBXTargetDependency */,
			);
			name = RACTestTests;
			productName = RACTestTests;
			productReference = 035E24A323F2818C00BAD899 /* RACTestTests.xctest */;
			productType = "com.apple.product-type.bundle.unit-test";
		};
		035E24AD23F2818C00BAD899 /* RACTestUITests */ = {
			isa = PBXNativeTarget;
			buildConfigurationList = 035E24BD23F2818C00BAD899 /* Build configuration list for PBXNativeTarget "RACTestUITests" */;
			buildPhases = (
				035E24AA23F2818C00BAD899 /* Sources */,
				035E24AB23F2818C00BAD899 /* Frameworks */,
				035E24AC23F2818C00BAD899 /* Resources */,
			);
			buildRules = (
			);
			dependencies = (
				035E24B023F2818C00BAD899 /* PBXTargetDependency */,
			);
			name = RACTestUITests;
			productName = RACTestUITests;
			productReference = 035E24AE23F2818C00BAD899 /* RACTestUITests.xctest */;
			productType = "com.apple.product-type.bundle.ui-testing";
		};
/* End PBXNativeTarget section */

/* Begin PBXProject section */
		035E248323F2818B00BAD899 /* Project object */ = {
			isa = PBXProject;
			attributes = {
				LastUpgradeCheck = 1020;
				ORGANIZATIONNAME = "Hillary Min";
				TargetAttributes = {
					035E248A23F2818B00BAD899 = {
						CreatedOnToolsVersion = 10.2.1;
					};
					035E24A223F2818C00BAD899 = {
						CreatedOnToolsVersion = 10.2.1;
						TestTargetID = 035E248A23F2818B00BAD899;
					};
					035E24AD23F2818C00BAD899 = {
						CreatedOnToolsVersion = 10.2.1;
						TestTargetID = 035E248A23F2818B00BAD899;
					};
				};
			};
			buildConfigurationList = 035E248623F2818B00BAD899 /* Build configuration list for PBXProject "RACTest" */;
			compatibilityVersion = "Xcode 9.3";
			developmentRegion = en;
			hasScannedForEncodings = 0;
			knownRegions = (
				en,
				Base,
			);
			mainGroup = 035E248223F2818B00BAD899;
			productRefGroup = 035E248C23F2818B00BAD899 /* Products */;
			projectDirPath = "";
			projectRoot = "";
			targets = (
				035E248A23F2818B00BAD899 /* RACTest */,
				035E24A223F2818C00BAD899 /* RACTestTests */,
				035E24AD23F2818C00BAD899 /* RACTestUITests */,
			);
		};
/* End PBXProject section */

/* Begin PBXResourcesBuildPhase section */
		035E248923F2818B00BAD899 /* Resources */ = {
			isa = PBXResourcesBuildPhase;
			buildActionMask = 2147483647;
			files = (
				035E249B23F2818C00BAD899 /* LaunchScreen.storyboard in Resources */,
				035E249823F2818C00BAD899 /* Assets.xcassets in Resources */,
			);
			runOnlyForDeploymentPostprocessing = 0;
		};
		035E24A123F2818C00BAD899 /* Resources */ = {
			isa = PBXResourcesBuildPhase;
			buildActionMask = 2147483647;
			files = (
			);
			runOnlyForDeploymentPostprocessing = 0;
		};
		035E24AC23F2818C00BAD899 /* Resources */ = {
			isa = PBXResourcesBuildPhase;
			buildActionMask = 2147483647;
			files = (
			);
			runOnlyForDeploymentPostprocessing = 0;
		};
/* End PBXResourcesBuildPhase section */

/* Begin PBXShellScriptBuildPhase section */
		9ED2C0362BB23FCB18DF86A5 /* [CP] Check Pods Manifest.lock */ = {
			isa = PBXShellScriptBuildPhase;
			buildActionMask = 2147483647;
			files = (
			);
			inputFileListPaths = (
			);
			inputPaths = (
				"${PODS_PODFILE_DIR_PATH}/Podfile.lock",
				"${PODS_ROOT}/Manifest.lock",
			);
			name = "[CP] Check Pods Manifest.lock";
			outputFileListPaths = (
			);
			outputPaths = (
				"$(DERIVED_FILE_DIR)/Pods-RACTest-checkManifestLockResult.txt",
			);
			runOnlyForDeploymentPostprocessing = 0;
			shellPath = /bin/sh;
			shellScript = "diff \"${PODS_PODFILE_DIR_PATH}/Podfile.lock\" \"${PODS_ROOT}/Manifest.lock\" > /dev/null\nif [ $? != 0 ] ; then\n    # print error to STDERR\n    echo \"error: The sandbox is not in sync with the Podfile.lock. Run 'pod install' or update your CocoaPods installation.\" >&2\n    exit 1\nfi\n# This output is used by Xcode 'outputs' to avoid re-running this script phase.\necho \"SUCCESS\" > \"${SCRIPT_OUTPUT_FILE_0}\"\n";
			showEnvVarsInLog = 0;
		};
		C2F6BBFDDCED1354BBE47DF9 /* [CP] Embed Pods Frameworks */ = {
			isa = PBXShellScriptBuildPhase;
			buildActionMask = 2147483647;
			files = (
			);
			inputFileListPaths = (
				"${PODS_ROOT}/Target Support Files/Pods-RACTest/Pods-RACTest-frameworks-${CONFIGURATION}-input-files.xcfilelist",
			);
			name = "[CP] Embed Pods Frameworks";
			outputFileListPaths = (
				"${PODS_ROOT}/Target Support Files/Pods-RACTest/Pods-RACTest-frameworks-${CONFIGURATION}-output-files.xcfilelist",
			);
			runOnlyForDeploymentPostprocessing = 0;
			shellPath = /bin/sh;
			shellScript = "\"${PODS_ROOT}/Target Support Files/Pods-RACTest/Pods-RACTest-frameworks.sh\"\n";
			showEnvVarsInLog = 0;
		};
/* End PBXShellScriptBuildPhase section */

/* Begin PBXSourcesBuildPhase section */
		035E248723F2818B00BAD899 /* Sources */ = {
			isa = PBXSourcesBuildPhase;
			buildActionMask = 2147483647;
			files = (
				035E24D723F5341400BAD899 /* RACCommandViewController.m in Sources */,
				035E24DA23F5386A00BAD899 /* BaseViewController.m in Sources */,
				033C960424079C94009243B4 /* UserModel.m in Sources */,
				033C9621240913FB009243B4 /* ResultViewController.m in Sources */,
				033C960E2407A807009243B4 /* UIView+GJAddition.m in Sources */,
				035E24D423F4FE7F00BAD899 /* BaseTableViewCell.m in Sources */,
				035E24D123F4F3D200BAD899 /* TestDelegateView.m in Sources */,
				035E249323F2818B00BAD899 /* ViewController.m in Sources */,
				030A780223FE6E9A00EFFB29 /* RegisterViewController.m in Sources */,
				033C96112407A807009243B4 /* CALayer+GJAddition.m in Sources */,
				033C961E2408F708009243B4 /* RegisterAndLoginViewModel.m in Sources */,
				035E249E23F2818C00BAD899 /* main.m in Sources */,
				033C960F2407A807009243B4 /* NSObject+Addition.m in Sources */,
				030A77FC23FBD71300EFFB29 /* TwoViewController.m in Sources */,
				033C961B2408F10D009243B4 /* UIColor+SSJAddition.m in Sources */,
				033C96102407A807009243B4 /* NSArray+Safe.m in Sources */,
				035E24CC23F4F35300BAD899 /* TestViewController.m in Sources */,
				030A780523FE6EB100EFFB29 /* LoginViewController.m in Sources */,
				035E249023F2818B00BAD899 /* AppDelegate.m in Sources */,
				033C9625240CE5A1009243B4 /* NetworkService.m in Sources */,
				033C96182408EE3E009243B4 /* UIImage+Addition.m in Sources */,
			);
			runOnlyForDeploymentPostprocessing = 0;
		};
		035E249F23F2818C00BAD899 /* Sources */ = {
			isa = PBXSourcesBuildPhase;
			buildActionMask = 2147483647;
			files = (
				035E24A823F2818C00BAD899 /* RACTestTests.m in Sources */,
			);
			runOnlyForDeploymentPostprocessing = 0;
		};
		035E24AA23F2818C00BAD899 /* Sources */ = {
			isa = PBXSourcesBuildPhase;
			buildActionMask = 2147483647;
			files = (
				035E24B323F2818C00BAD899 /* RACTestUITests.m in Sources */,
			);
			runOnlyForDeploymentPostprocessing = 0;
		};
/* End PBXSourcesBuildPhase section */

/* Begin PBXTargetDependency section */
		035E24A523F2818C00BAD899 /* PBXTargetDependency */ = {
			isa = PBXTargetDependency;
			target = 035E248A23F2818B00BAD899 /* RACTest */;
			targetProxy = 035E24A423F2818C00BAD899 /* PBXContainerItemProxy */;
		};
		035E24B023F2818C00BAD899 /* PBXTargetDependency */ = {
			isa = PBXTargetDependency;
			target = 035E248A23F2818B00BAD899 /* RACTest */;
			targetProxy = 035E24AF23F2818C00BAD899 /* PBXContainerItemProxy */;
		};
/* End PBXTargetDependency section */

/* Begin PBXVariantGroup section */
		035E249923F2818C00BAD899 /* LaunchScreen.storyboard */ = {
			isa = PBXVariantGroup;
			children = (
				035E249A23F2818C00BAD899 /* Base */,
			);
			name = LaunchScreen.storyboard;
			sourceTree = "<group>";
		};
/* End PBXVariantGroup section */

/* Begin XCBuildConfiguration section */
		035E24B523F2818C00BAD899 /* Debug */ = {
			isa = XCBuildConfiguration;
			buildSettings = {
				ALWAYS_SEARCH_USER_PATHS = NO;
				CLANG_ANALYZER_NONNULL = YES;
				CLANG_ANALYZER_NUMBER_OBJECT_CONVERSION = YES_AGGRESSIVE;
				CLANG_CXX_LANGUAGE_STANDARD = "gnu++14";
				CLANG_CXX_LIBRARY = "libc++";
				CLANG_ENABLE_MODULES = YES;
				CLANG_ENABLE_OBJC_ARC = YES;
				CLANG_ENABLE_OBJC_WEAK = YES;
				CLANG_WARN_BLOCK_CAPTURE_AUTORELEASING = YES;
				CLANG_WARN_BOOL_CONVERSION = YES;
				CLANG_WARN_COMMA = YES;
				CLANG_WARN_CONSTANT_CONVERSION = YES;
				CLANG_WARN_DEPRECATED_OBJC_IMPLEMENTATIONS = YES;
				CLANG_WARN_DIRECT_OBJC_ISA_USAGE = YES_ERROR;
				CLANG_WARN_DOCUMENTATION_COMMENTS = YES;
				CLANG_WARN_EMPTY_BODY = YES;
				CLANG_WARN_ENUM_CONVERSION = YES;
				CLANG_WARN_INFINITE_RECURSION = YES;
				CLANG_WARN_INT_CONVERSION = YES;
				CLANG_WARN_NON_LITERAL_NULL_CONVERSION = YES;
				CLANG_WARN_OBJC_IMPLICIT_RETAIN_SELF = YES;
				CLANG_WARN_OBJC_LITERAL_CONVERSION = YES;
				CLANG_WARN_OBJC_ROOT_CLASS = YES_ERROR;
				CLANG_WARN_RANGE_LOOP_ANALYSIS = YES;
				CLANG_WARN_STRICT_PROTOTYPES = YES;
				CLANG_WARN_SUSPICIOUS_MOVE = YES;
				CLANG_WARN_UNGUARDED_AVAILABILITY = YES_AGGRESSIVE;
				CLANG_WARN_UNREACHABLE_CODE = YES;
				CLANG_WARN__DUPLICATE_METHOD_MATCH = YES;
				CODE_SIGN_IDENTITY = "iPhone Developer";
				COPY_PHASE_STRIP = NO;
				DEBUG_INFORMATION_FORMAT = dwarf;
				ENABLE_STRICT_OBJC_MSGSEND = YES;
				ENABLE_TESTABILITY = YES;
				GCC_C_LANGUAGE_STANDARD = gnu11;
				GCC_DYNAMIC_NO_PIC = NO;
				GCC_NO_COMMON_BLOCKS = YES;
				GCC_OPTIMIZATION_LEVEL = 0;
				GCC_PREPROCESSOR_DEFINITIONS = (
					"DEBUG=1",
					"$(inherited)",
				);
				GCC_WARN_64_TO_32_BIT_CONVERSION = YES;
				GCC_WARN_ABOUT_RETURN_TYPE = YES_ERROR;
				GCC_WARN_UNDECLARED_SELECTOR = YES;
				GCC_WARN_UNINITIALIZED_AUTOS = YES_AGGRESSIVE;
				GCC_WARN_UNUSED_FUNCTION = YES;
				GCC_WARN_UNUSED_VARIABLE = YES;
				IPHONEOS_DEPLOYMENT_TARGET = 12.2;
				MTL_ENABLE_DEBUG_INFO = INCLUDE_SOURCE;
				MTL_FAST_MATH = YES;
				ONLY_ACTIVE_ARCH = YES;
				SDKROOT = iphoneos;
			};
			name = Debug;
		};
		035E24B623F2818C00BAD899 /* Release */ = {
			isa = XCBuildConfiguration;
			buildSettings = {
				ALWAYS_SEARCH_USER_PATHS = NO;
				CLANG_ANALYZER_NONNULL = YES;
				CLANG_ANALYZER_NUMBER_OBJECT_CONVERSION = YES_AGGRESSIVE;
				CLANG_CXX_LANGUAGE_STANDARD = "gnu++14";
				CLANG_CXX_LIBRARY = "libc++";
				CLANG_ENABLE_MODULES = YES;
				CLANG_ENABLE_OBJC_ARC = YES;
				CLANG_ENABLE_OBJC_WEAK = YES;
				CLANG_WARN_BLOCK_CAPTURE_AUTORELEASING = YES;
				CLANG_WARN_BOOL_CONVERSION = YES;
				CLANG_WARN_COMMA = YES;
				CLANG_WARN_CONSTANT_CONVERSION = YES;
				CLANG_WARN_DEPRECATED_OBJC_IMPLEMENTATIONS = YES;
				CLANG_WARN_DIRECT_OBJC_ISA_USAGE = YES_ERROR;
				CLANG_WARN_DOCUMENTATION_COMMENTS = YES;
				CLANG_WARN_EMPTY_BODY = YES;
				CLANG_WARN_ENUM_CONVERSION = YES;
				CLANG_WARN_INFINITE_RECURSION = YES;
				CLANG_WARN_INT_CONVERSION = YES;
				CLANG_WARN_NON_LITERAL_NULL_CONVERSION = YES;
				CLANG_WARN_OBJC_IMPLICIT_RETAIN_SELF = YES;
				CLANG_WARN_OBJC_LITERAL_CONVERSION = YES;
				CLANG_WARN_OBJC_ROOT_CLASS = YES_ERROR;
				CLANG_WARN_RANGE_LOOP_ANALYSIS = YES;
				CLANG_WARN_STRICT_PROTOTYPES = YES;
				CLANG_WARN_SUSPICIOUS_MOVE = YES;
				CLANG_WARN_UNGUARDED_AVAILABILITY = YES_AGGRESSIVE;
				CLANG_WARN_UNREACHABLE_CODE = YES;
				CLANG_WARN__DUPLICATE_METHOD_MATCH = YES;
				CODE_SIGN_IDENTITY = "iPhone Developer";
				COPY_PHASE_STRIP = NO;
				DEBUG_INFORMATION_FORMAT = "dwarf-with-dsym";
				ENABLE_NS_ASSERTIONS = NO;
				ENABLE_STRICT_OBJC_MSGSEND = YES;
				GCC_C_LANGUAGE_STANDARD = gnu11;
				GCC_NO_COMMON_BLOCKS = YES;
				GCC_WARN_64_TO_32_BIT_CONVERSION = YES;
				GCC_WARN_ABOUT_RETURN_TYPE = YES_ERROR;
				GCC_WARN_UNDECLARED_SELECTOR = YES;
				GCC_WARN_UNINITIALIZED_AUTOS = YES_AGGRESSIVE;
				GCC_WARN_UNUSED_FUNCTION = YES;
				GCC_WARN_UNUSED_VARIABLE = YES;
				IPHONEOS_DEPLOYMENT_TARGET = 12.2;
				MTL_ENABLE_DEBUG_INFO = NO;
				MTL_FAST_MATH = YES;
				SDKROOT = iphoneos;
				VALIDATE_PRODUCT = YES;
			};
			name = Release;
		};
		035E24B823F2818C00BAD899 /* Debug */ = {
			isa = XCBuildConfiguration;
			baseConfigurationReference = EAD8FCF59C18795496091C73 /* Pods-RACTest.debug.xcconfig */;
			buildSettings = {
				ASSETCATALOG_COMPILER_APPICON_NAME = AppIcon;
				CODE_SIGN_STYLE = Automatic;
				GCC_PRECOMPILE_PREFIX_HEADER = NO;
				INFOPLIST_FILE = RACTest/Info.plist;
				LD_RUNPATH_SEARCH_PATHS = (
					"$(inherited)",
					"@executable_path/Frameworks",
				);
				PRODUCT_BUNDLE_IDENTIFIER = come.example.productor.RACTest;
				PRODUCT_NAME = "$(TARGET_NAME)";
				TARGETED_DEVICE_FAMILY = "1,2";
			};
			name = Debug;
		};
		035E24B923F2818C00BAD899 /* Release */ = {
			isa = XCBuildConfiguration;
			baseConfigurationReference = 504BCFFDDCC8980C49D21B04 /* Pods-RACTest.release.xcconfig */;
			buildSettings = {
				ASSETCATALOG_COMPILER_APPICON_NAME = AppIcon;
				CODE_SIGN_STYLE = Automatic;
				GCC_PRECOMPILE_PREFIX_HEADER = NO;
				INFOPLIST_FILE = RACTest/Info.plist;
				LD_RUNPATH_SEARCH_PATHS = (
					"$(inherited)",
					"@executable_path/Frameworks",
				);
				PRODUCT_BUNDLE_IDENTIFIER = come.example.productor.RACTest;
				PRODUCT_NAME = "$(TARGET_NAME)";
				TARGETED_DEVICE_FAMILY = "1,2";
			};
			name = Release;
		};
		035E24BB23F2818C00BAD899 /* Debug */ = {
			isa = XCBuildConfiguration;
			buildSettings = {
				BUNDLE_LOADER = "$(TEST_HOST)";
				CODE_SIGN_STYLE = Automatic;
				INFOPLIST_FILE = RACTestTests/Info.plist;
				LD_RUNPATH_SEARCH_PATHS = (
					"$(inherited)",
					"@executable_path/Frameworks",
					"@loader_path/Frameworks",
				);
				PRODUCT_BUNDLE_IDENTIFIER = come.example.productor.RACTestTests;
				PRODUCT_NAME = "$(TARGET_NAME)";
				TARGETED_DEVICE_FAMILY = "1,2";
				TEST_HOST = "$(BUILT_PRODUCTS_DIR)/RACTest.app/RACTest";
			};
			name = Debug;
		};
		035E24BC23F2818C00BAD899 /* Release */ = {
			isa = XCBuildConfiguration;
			buildSettings = {
				BUNDLE_LOADER = "$(TEST_HOST)";
				CODE_SIGN_STYLE = Automatic;
				INFOPLIST_FILE = RACTestTests/Info.plist;
				LD_RUNPATH_SEARCH_PATHS = (
					"$(inherited)",
					"@executable_path/Frameworks",
					"@loader_path/Frameworks",
				);
				PRODUCT_BUNDLE_IDENTIFIER = come.example.productor.RACTestTests;
				PRODUCT_NAME = "$(TARGET_NAME)";
				TARGETED_DEVICE_FAMILY = "1,2";
				TEST_HOST = "$(BUILT_PRODUCTS_DIR)/RACTest.app/RACTest";
			};
			name = Release;
		};
		035E24BE23F2818C00BAD899 /* Debug */ = {
			isa = XCBuildConfiguration;
			buildSettings = {
				CODE_SIGN_STYLE = Automatic;
				INFOPLIST_FILE = RACTestUITests/Info.plist;
				LD_RUNPATH_SEARCH_PATHS = (
					"$(inherited)",
					"@executable_path/Frameworks",
					"@loader_path/Frameworks",
				);
				PRODUCT_BUNDLE_IDENTIFIER = come.example.productor.RACTestUITests;
				PRODUCT_NAME = "$(TARGET_NAME)";
				TARGETED_DEVICE_FAMILY = "1,2";
				TEST_TARGET_NAME = RACTest;
			};
			name = Debug;
		};
		035E24BF23F2818C00BAD899 /* Release */ = {
			isa = XCBuildConfiguration;
			buildSettings = {
				CODE_SIGN_STYLE = Automatic;
				INFOPLIST_FILE = RACTestUITests/Info.plist;
				LD_RUNPATH_SEARCH_PATHS = (
					"$(inherited)",
					"@executable_path/Frameworks",
					"@loader_path/Frameworks",
				);
				PRODUCT_BUNDLE_IDENTIFIER = come.example.productor.RACTestUITests;
				PRODUCT_NAME = "$(TARGET_NAME)";
				TARGETED_DEVICE_FAMILY = "1,2";
				TEST_TARGET_NAME = RACTest;
			};
			name = Release;
		};
/* End XCBuildConfiguration section */

/* Begin XCConfigurationList section */
		035E248623F2818B00BAD899 /* Build configuration list for PBXProject "RACTest" */ = {
			isa = XCConfigurationList;
			buildConfigurations = (
				035E24B523F2818C00BAD899 /* Debug */,
				035E24B623F2818C00BAD899 /* Release */,
			);
			defaultConfigurationIsVisible = 0;
			defaultConfigurationName = Release;
		};
		035E24B723F2818C00BAD899 /* Build configuration list for PBXNativeTarget "RACTest" */ = {
			isa = XCConfigurationList;
			buildConfigurations = (
				035E24B823F2818C00BAD899 /* Debug */,
				035E24B923F2818C00BAD899 /* Release */,
			);
			defaultConfigurationIsVisible = 0;
			defaultConfigurationName = Release;
		};
		035E24BA23F2818C00BAD899 /* Build configuration list for PBXNativeTarget "RACTestTests" */ = {
			isa = XCConfigurationList;
			buildConfigurations = (
				035E24BB23F2818C00BAD899 /* Debug */,
				035E24BC23F2818C00BAD899 /* Release */,
			);
			defaultConfigurationIsVisible = 0;
			defaultConfigurationName = Release;
		};
		035E24BD23F2818C00BAD899 /* Build configuration list for PBXNativeTarget "RACTestUITests" */ = {
			isa = XCConfigurationList;
			buildConfigurations = (
				035E24BE23F2818C00BAD899 /* Debug */,
				035E24BF23F2818C00BAD899 /* Release */,
			);
			defaultConfigurationIsVisible = 0;
			defaultConfigurationName = Release;
		};
/* End XCConfigurationList section */
	};
	rootObject = 035E248323F2818B00BAD899 /* Project object */;
}
